{
  "version": 4,
  "terraform_version": "1.0.11",
  "serial": 14,
  "lineage": "44ce02e2-2d29-5d3a-3820-c2f00b8e06a2",
  "outputs": {
    "instance_private_dns": {
      "value": "ip-172-31-38-178.eu-west-1.compute.internal",
      "type": "string"
    },
    "instance_private_ip": {
      "value": "172.31.38.178",
      "type": "string"
    },
    "instance_public_dns": {
      "value": "ec2-34-240-161-114.eu-west-1.compute.amazonaws.com",
      "type": "string"
    },
    "instance_public_ip": {
      "value": "34.240.161.114",
      "type": "string"
    }
  },
  "resources": [
    {
      "mode": "managed",
      "type": "aws_instance",
      "name": "app_server",
      "provider": "provider[\"registry.terraform.io/hashicorp/aws\"]",
      "instances": [
        {
          "schema_version": 1,
          "attributes": {
            "ami": "ami-09ce2fc392a4c0fbc",
            "arn": "arn:aws:ec2:eu-west-1:309733680103:instance/i-0a28af8abd8f6e1ae",
            "associate_public_ip_address": true,
            "availability_zone": "eu-west-1c",
            "capacity_reservation_specification": [
              {
                "capacity_reservation_preference": "open",
                "capacity_reservation_target": []
              }
            ],
            "cpu_core_count": 1,
            "cpu_threads_per_core": 1,
            "credit_specification": [
              {
                "cpu_credits": "standard"
              }
            ],
            "disable_api_termination": false,
            "ebs_block_device": [],
            "ebs_optimized": false,
            "enclave_options": [
              {
                "enabled": false
              }
            ],
            "ephemeral_block_device": [],
            "get_password_data": false,
            "hibernation": false,
            "host_id": null,
            "iam_instance_profile": "EnablesEC2ToAccessSystemsManagerRole",
            "id": "i-0a28af8abd8f6e1ae",
            "instance_initiated_shutdown_behavior": "stop",
            "instance_state": "running",
            "instance_type": "t2.micro",
            "ipv6_address_count": 0,
            "ipv6_addresses": [],
            "key_name": "Windows_instance",
            "launch_template": [],
            "metadata_options": [
              {
                "http_endpoint": "enabled",
                "http_put_response_hop_limit": 1,
                "http_tokens": "optional"
              }
            ],
            "monitoring": false,
            "network_interface": [],
            "outpost_arn": "",
            "password_data": "",
            "placement_group": "",
            "placement_partition_number": null,
            "primary_network_interface_id": "eni-0e1df1b532341f5e4",
            "private_dns": "ip-172-31-38-178.eu-west-1.compute.internal",
            "private_ip": "172.31.38.178",
            "public_dns": "ec2-34-240-161-114.eu-west-1.compute.amazonaws.com",
            "public_ip": "34.240.161.114",
            "root_block_device": [
              {
                "delete_on_termination": true,
                "device_name": "/dev/xvda",
                "encrypted": false,
                "iops": 100,
                "kms_key_id": "",
                "tags": {},
                "throughput": 0,
                "volume_id": "vol-045a8cb2284cec1f6",
                "volume_size": 8,
                "volume_type": "gp2"
              }
            ],
            "secondary_private_ips": [],
            "security_groups": [
              "SSH_Connection"
            ],
            "source_dest_check": true,
            "subnet_id": "subnet-0cdbdf0015704e8b3",
            "tags": {
              "Name": "L00169827_Linux "
            },
            "tags_all": {
              "Name": "L00169827_Linux "
            },
            "tenancy": "default",
            "timeouts": null,
            "user_data": null,
            "user_data_base64": null,
            "volume_tags": null,
            "vpc_security_group_ids": [
              "sg-0ac73e1a732fd7516"
            ]
          },
          "sensitive_attributes": [],
          "private": "eyJlMmJmYjczMC1lY2FhLTExZTYtOGY4OC0zNDM2M2JjN2M0YzAiOnsiY3JlYXRlIjo2MDAwMDAwMDAwMDAsImRlbGV0ZSI6MTIwMDAwMDAwMDAwMCwidXBkYXRlIjo2MDAwMDAwMDAwMDB9LCJzY2hlbWFfdmVyc2lvbiI6IjEifQ=="
        }
      ]
    }
  ]
}
